
Microsoft Visual Studio Solution File, Format Version 12.00
# Visual Studio Version 16
VisualStudioVersion = 16.0.32802.440
MinimumVisualStudioVersion = 10.0.40219.1
Project("{FAE04EC0-301F-11D3-BF4B-00C04F79EFBC}") = "Graphics_4", "Graphics_4\Graphics_4.csproj", "{AAD17631-535C-4B58-90C8-8C27E6FA4C68}"
EndProject
Global
	GlobalSection(SolutionConfigurationPlatforms) = preSolution
		Debug|Any CPU = Debug|Any CPU
		Release|Any CPU = Release|Any CPU
	EndGlobalSection
	GlobalSection(ProjectConfigurationPlatforms) = postSolution
		{AAD17631-535C-4B58-90C8-8C27E6FA4C68}.Debug|Any CPU.ActiveCfg = Debug|Any CPU
		{AAD17631-535C-4B58-90C8-8C27E6FA4C68}.Debug|Any CPU.Build.0 = Debug|Any CPU
		{AAD17631-535C-4B58-90C8-8C27E6FA4C68}.Release|Any CPU.ActiveCfg = Release|Any CPU
		{AAD17631-535C-4B58-90C8-8C27E6FA4C68}.Release|Any CPU.Build.0 = Release|Any CPU
	EndGlobalSection
	GlobalSection(SolutionProperties) = preSolution
		HideSolutionNode = FALSE
	EndGlobalSection
	GlobalSection(ExtensibilityGlobals) = postSolution
		SolutionGuid = {06807854-A71F-4FE4-8EB5-73C2753783EB}
	EndGlobalSection
EndGlobal
